{
  "originHash" : "495b225f84a293f68cedbbe85fda9885f17875749635b890a7c24447bcce24f6",
  "pins" : [
    {
      "identity" : "swift-argument-parser",
      "kind" : "remoteSourceControl",
      "location" : "https://github.com/apple/swift-argument-parser.git",
      "state" : {
        "revision" : "011f0c765fb46d9cac61bca19be0527e99c98c8b",
        "version" : "1.5.1"
      }
    },
    {
      "identity" : "swift-cmark",
      "kind" : "remoteSourceControl",
      "location" : "https://github.com/swiftlang/swift-cmark.git",
      "state" : {
        "revision" : "b022b08312decdc46585e0b3440d97f6f22ef703",
        "version" : "0.6.0"
      }
    },
    {
      "identity" : "swift-format",
      "kind" : "remoteSourceControl",
      "location" : "https://github.com/swiftlang/swift-format.git",
      "state" : {
        "branch" : "main",
        "revision" : "24c744665e4e0de6100ca7fd06f8862ab41e358b"
      }
    },
    {
      "identity" : "swift-log",
      "kind" : "remoteSourceControl",
      "location" : "https://github.com/apple/swift-log.git",
      "state" : {
        "branch" : "main",
        "revision" : "81d3d07f1439ddcf3df61b2128857ab7532a5804"
      }
    },
    {
      "identity" : "swift-markdown",
      "kind" : "remoteSourceControl",
      "location" : "https://github.com/apple/swift-markdown.git",
      "state" : {
        "revision" : "ea79e83c8744d2b50b0dc2d5bbd1e857e1253bf9",
        "version" : "0.6.0"
      }
    },
    {
      "identity" : "swift-play-experimental",
      "kind" : "remoteSourceControl",
      "location" : "https://github.com/apple/swift-play-experimental.git",
      "state" : {
        "branch" : "main",
        "revision" : "6707fe72239fc84efefe16c3bfa45230c6e08f53"
      }
    },
    {
      "identity" : "swift-syntax",
      "kind" : "remoteSourceControl",
      "location" : "https://github.com/swiftlang/swift-syntax.git",
      "state" : {
        "branch" : "main",
        "revision" : "e8c3dcf5bbe8c006f6c72e238976703635b18bda"
      }
    },
    {
      "identity" : "swift-testing",
      "kind" : "remoteSourceControl",
      "location" : "https://github.com/swiftlang/swift-testing.git",
      "state" : {
        "branch" : "main",
        "revision" : "e63d542c824859916234e2a1307697056e1712d1"
      }
    }
  ],
  "version" : 3
}
